
Microsoft Visual Studio Solution File, Format Version 12.00
# Visual Studio Version 16
VisualStudioVersion = 16.0.31321.278
MinimumVisualStudioVersion = 10.0.40219.1
Project("{FAE04EC0-301F-11D3-BF4B-00C04F79EFBC}") = "ChatWebSocket", "ChatWebSocket\ChatWebSocket.csproj", "{494DF278-955A-4075-9601-F605600D528E}"
EndProject
Project("{FAE04EC0-301F-11D3-BF4B-00C04F79EFBC}") = "ChatWebSocket.Web", "ChatWebSocket.Web\ChatWebSocket.Web.csproj", "{89683096-7837-40B6-81A1-EB5FFF4EB5F1}"
EndProject
Global
	GlobalSection(SolutionConfigurationPlatforms) = preSolution
		Debug|Any CPU = Debug|Any CPU
		Release|Any CPU = Release|Any CPU
	EndGlobalSection
	GlobalSection(ProjectConfigurationPlatforms) = postSolution
		{494DF278-955A-4075-9601-F605600D528E}.Debug|Any CPU.ActiveCfg = Debug|Any CPU
		{494DF278-955A-4075-9601-F605600D528E}.Debug|Any CPU.Build.0 = Debug|Any CPU
		{494DF278-955A-4075-9601-F605600D528E}.Release|Any CPU.ActiveCfg = Release|Any CPU
		{494DF278-955A-4075-9601-F605600D528E}.Release|Any CPU.Build.0 = Release|Any CPU
		{89683096-7837-40B6-81A1-EB5FFF4EB5F1}.Debug|Any CPU.ActiveCfg = Debug|Any CPU
		{89683096-7837-40B6-81A1-EB5FFF4EB5F1}.Debug|Any CPU.Build.0 = Debug|Any CPU
		{89683096-7837-40B6-81A1-EB5FFF4EB5F1}.Release|Any CPU.ActiveCfg = Release|Any CPU
		{89683096-7837-40B6-81A1-EB5FFF4EB5F1}.Release|Any CPU.Build.0 = Release|Any CPU
	EndGlobalSection
	GlobalSection(SolutionProperties) = preSolution
		HideSolutionNode = FALSE
	EndGlobalSection
	GlobalSection(ExtensibilityGlobals) = postSolution
		SolutionGuid = {E011B811-BE4E-4DA6-89B6-EF752FE7115D}
	EndGlobalSection
EndGlobal
